
Microsoft Visual Studio Solution File, Format Version 12.00
# Visual Studio 15
VisualStudioVersion = 15.0.26124.0
MinimumVisualStudioVersion = 15.0.26124.0
Project("{FAE04EC0-301F-11D3-BF4B-00C04F79EFBC}") = "Bookstore", "Bookstore\Bookstore.csproj", "{3AA91A6E-EC40-4526-9F73-28E132CCC0C3}"
EndProject
Project("{FAE04EC0-301F-11D3-BF4B-00C04F79EFBC}") = "Bookstore.DataAccess", "Bookstore.DataAccess\Bookstore.DataAccess.csproj", "{29677499-363F-4723-B387-FC234BF536DE}"
EndProject
Project("{FAE04EC0-301F-11D3-BF4B-00C04F79EFBC}") = "Bookstore.Models", "Bookstore.Models\Bookstore.Models.csproj", "{8388D930-C9E2-4CD4-ADA7-F68243308AC1}"
EndProject
Project("{FAE04EC0-301F-11D3-BF4B-00C04F79EFBC}") = "Bookstore.Utility", "Bookstore.Utility\Bookstore.Utility.csproj", "{C0BBB6E4-02E6-41D9-A174-108C0F9F90CC}"
EndProject
Global
	GlobalSection(SolutionConfigurationPlatforms) = preSolution
		Debug|Any CPU = Debug|Any CPU
		Debug|x64 = Debug|x64
		Debug|x86 = Debug|x86
		Release|Any CPU = Release|Any CPU
		Release|x64 = Release|x64
		Release|x86 = Release|x86
	EndGlobalSection
	GlobalSection(SolutionProperties) = preSolution
		HideSolutionNode = FALSE
	EndGlobalSection
	GlobalSection(ProjectConfigurationPlatforms) = postSolution
		{3AA91A6E-EC40-4526-9F73-28E132CCC0C3}.Debug|Any CPU.ActiveCfg = Debug|Any CPU
		{3AA91A6E-EC40-4526-9F73-28E132CCC0C3}.Debug|Any CPU.Build.0 = Debug|Any CPU
		{3AA91A6E-EC40-4526-9F73-28E132CCC0C3}.Debug|x64.ActiveCfg = Debug|Any CPU
		{3AA91A6E-EC40-4526-9F73-28E132CCC0C3}.Debug|x64.Build.0 = Debug|Any CPU
		{3AA91A6E-EC40-4526-9F73-28E132CCC0C3}.Debug|x86.ActiveCfg = Debug|Any CPU
		{3AA91A6E-EC40-4526-9F73-28E132CCC0C3}.Debug|x86.Build.0 = Debug|Any CPU
		{3AA91A6E-EC40-4526-9F73-28E132CCC0C3}.Release|Any CPU.ActiveCfg = Release|Any CPU
		{3AA91A6E-EC40-4526-9F73-28E132CCC0C3}.Release|Any CPU.Build.0 = Release|Any CPU
		{3AA91A6E-EC40-4526-9F73-28E132CCC0C3}.Release|x64.ActiveCfg = Release|Any CPU
		{3AA91A6E-EC40-4526-9F73-28E132CCC0C3}.Release|x64.Build.0 = Release|Any CPU
		{3AA91A6E-EC40-4526-9F73-28E132CCC0C3}.Release|x86.ActiveCfg = Release|Any CPU
		{3AA91A6E-EC40-4526-9F73-28E132CCC0C3}.Release|x86.Build.0 = Release|Any CPU
		{29677499-363F-4723-B387-FC234BF536DE}.Debug|Any CPU.ActiveCfg = Debug|Any CPU
		{29677499-363F-4723-B387-FC234BF536DE}.Debug|Any CPU.Build.0 = Debug|Any CPU
		{29677499-363F-4723-B387-FC234BF536DE}.Debug|x64.ActiveCfg = Debug|Any CPU
		{29677499-363F-4723-B387-FC234BF536DE}.Debug|x64.Build.0 = Debug|Any CPU
		{29677499-363F-4723-B387-FC234BF536DE}.Debug|x86.ActiveCfg = Debug|Any CPU
		{29677499-363F-4723-B387-FC234BF536DE}.Debug|x86.Build.0 = Debug|Any CPU
		{29677499-363F-4723-B387-FC234BF536DE}.Release|Any CPU.ActiveCfg = Release|Any CPU
		{29677499-363F-4723-B387-FC234BF536DE}.Release|Any CPU.Build.0 = Release|Any CPU
		{29677499-363F-4723-B387-FC234BF536DE}.Release|x64.ActiveCfg = Release|Any CPU
		{29677499-363F-4723-B387-FC234BF536DE}.Release|x64.Build.0 = Release|Any CPU
		{29677499-363F-4723-B387-FC234BF536DE}.Release|x86.ActiveCfg = Release|Any CPU
		{29677499-363F-4723-B387-FC234BF536DE}.Release|x86.Build.0 = Release|Any CPU
		{8388D930-C9E2-4CD4-ADA7-F68243308AC1}.Debug|Any CPU.ActiveCfg = Debug|Any CPU
		{8388D930-C9E2-4CD4-ADA7-F68243308AC1}.Debug|Any CPU.Build.0 = Debug|Any CPU
		{8388D930-C9E2-4CD4-ADA7-F68243308AC1}.Debug|x64.ActiveCfg = Debug|Any CPU
		{8388D930-C9E2-4CD4-ADA7-F68243308AC1}.Debug|x64.Build.0 = Debug|Any CPU
		{8388D930-C9E2-4CD4-ADA7-F68243308AC1}.Debug|x86.ActiveCfg = Debug|Any CPU
		{8388D930-C9E2-4CD4-ADA7-F68243308AC1}.Debug|x86.Build.0 = Debug|Any CPU
		{8388D930-C9E2-4CD4-ADA7-F68243308AC1}.Release|Any CPU.ActiveCfg = Release|Any CPU
		{8388D930-C9E2-4CD4-ADA7-F68243308AC1}.Release|Any CPU.Build.0 = Release|Any CPU
		{8388D930-C9E2-4CD4-ADA7-F68243308AC1}.Release|x64.ActiveCfg = Release|Any CPU
		{8388D930-C9E2-4CD4-ADA7-F68243308AC1}.Release|x64.Build.0 = Release|Any CPU
		{8388D930-C9E2-4CD4-ADA7-F68243308AC1}.Release|x86.ActiveCfg = Release|Any CPU
		{8388D930-C9E2-4CD4-ADA7-F68243308AC1}.Release|x86.Build.0 = Release|Any CPU
		{C0BBB6E4-02E6-41D9-A174-108C0F9F90CC}.Debug|Any CPU.ActiveCfg = Debug|Any CPU
		{C0BBB6E4-02E6-41D9-A174-108C0F9F90CC}.Debug|Any CPU.Build.0 = Debug|Any CPU
		{C0BBB6E4-02E6-41D9-A174-108C0F9F90CC}.Debug|x64.ActiveCfg = Debug|Any CPU
		{C0BBB6E4-02E6-41D9-A174-108C0F9F90CC}.Debug|x64.Build.0 = Debug|Any CPU
		{C0BBB6E4-02E6-41D9-A174-108C0F9F90CC}.Debug|x86.ActiveCfg = Debug|Any CPU
		{C0BBB6E4-02E6-41D9-A174-108C0F9F90CC}.Debug|x86.Build.0 = Debug|Any CPU
		{C0BBB6E4-02E6-41D9-A174-108C0F9F90CC}.Release|Any CPU.ActiveCfg = Release|Any CPU
		{C0BBB6E4-02E6-41D9-A174-108C0F9F90CC}.Release|Any CPU.Build.0 = Release|Any CPU
		{C0BBB6E4-02E6-41D9-A174-108C0F9F90CC}.Release|x64.ActiveCfg = Release|Any CPU
		{C0BBB6E4-02E6-41D9-A174-108C0F9F90CC}.Release|x64.Build.0 = Release|Any CPU
		{C0BBB6E4-02E6-41D9-A174-108C0F9F90CC}.Release|x86.ActiveCfg = Release|Any CPU
		{C0BBB6E4-02E6-41D9-A174-108C0F9F90CC}.Release|x86.Build.0 = Release|Any CPU
	EndGlobalSection
EndGlobal
